// !$*UTF8*$!
{
	archiveVersion = 1;
	classes = {
	};
	objectVersion = 46;
	objects = {

/* Begin PBXBuildFile section */
		EEF12FDA1FAAEC04005BD97D /* AppDelegate.m in Sources */ = {isa = PBXBuildFile; fileRef = EEF12FD91FAAEC04005BD97D /* AppDelegate.m */; };
		EEF12FDD1FAAEC04005BD97D /* main.m in Sources */ = {isa = PBXBuildFile; fileRef = EEF12FDC1FAAEC04005BD97D /* main.m */; };
		EEF12FE01FAAEC04005BD97D /* ViewController.m in Sources */ = {isa = PBXBuildFile; fileRef = EEF12FDF1FAAEC04005BD97D /* ViewController.m */; };
		EEF12FE51FAAEC04005BD97D /* Main.storyboard in Resources */ = {isa = PBXBuildFile; fileRef = EEF12FE31FAAEC04005BD97D /* Main.storyboard */; };
		EEF12FF11FAAEF5B005BD97D /* WebKit.framework in Frameworks */ = {isa = PBXBuildFile; fileRef = EEF12FF01FAAEF5B005BD97D /* WebKit.framework */; };
/* End PBXBuildFile section */

/* Begin PBXFileReference section */
		EEF12FD51FAAEC04005BD97D /* cert-ba.app */ = {isa = PBXFileReference; explicitFileType = wrapper.application; includeInIndex = 0; path = "cert-ba.app"; sourceTree = BUILT_PRODUCTS_DIR; };
		EEF12FD81FAAEC04005BD97D /* AppDelegate.h */ = {isa = PBXFileReference; lastKnownFileType = sourcecode.c.h; path = AppDelegate.h; sourceTree = "<group>"; };
		EEF12FD91FAAEC04005BD97D /* AppDelegate.m */ = {isa = PBXFileReference; lastKnownFileType = sourcecode.c.objc; path = AppDelegate.m; sourceTree = "<group>"; };
		EEF12FDC1FAAEC04005BD97D /* main.m */ = {isa = PBXFileReference; lastKnownFileType = sourcecode.c.objc; path = main.m; sourceTree = "<group>"; };
		EEF12FDE1FAAEC04005BD97D /* ViewController.h */ = {isa = PBXFileReference; lastKnownFileType = sourcecode.c.h; path = ViewController.h; sourceTree = "<group>"; };
		EEF12FDF1FAAEC04005BD97D /* ViewController.m */ = {isa = PBXFileReference; lastKnownFileType = sourcecode.c.objc; path = ViewController.m; sourceTree = "<group>"; };
		EEF12FE41FAAEC04005BD97D /* Base */ = {isa = PBXFileReference; lastKnownFileType = file.storyboard; name = Base; path = Base.lproj/Main.storyboard; sourceTree = "<group>"; };
		EEF12FE61FAAEC04005BD97D /* Info.plist */ = {isa = PBXFileReference; lastKnownFileType = text.plist.xml; path = Info.plist; sourceTree = "<group>"; };
		EEF12FF01FAAEF5B005BD97D /* WebKit.framework */ = {isa = PBXFileReference; lastKnownFileType = wrapper.framework; name = WebKit.framework; path = System/Library/Frameworks/WebKit.framework; sourceTree = SDKROOT; };
/* End PBXFileReference section */

/* Begin PBXFrameworksBuildPhase section */
		EEF12FD21FAAEC04005BD97D /* Frameworks */ = {
			isa = PBXFrameworksBuildPhase;
			buildActionMask = 2147483647;
			files = (
				EEF12FF11FAAEF5B005BD97D /* WebKit.framework in Frameworks */,
			);
			runOnlyForDeploymentPostprocessing = 0;
		};
/* End PBXFrameworksBuildPhase section */

/* Begin PBXGroup section */
		EEF12FCC1FAAEC04005BD97D = {
			isa = PBXGroup;
			children = (
				EEF12FD71FAAEC04005BD97D /* cert-ba */,
				EEF12FD61FAAEC04005BD97D /* Products */,
				EEF12FEF1FAAEF5B005BD97D /* Frameworks */,
			);
			sourceTree = "<group>";
		};
		EEF12FD61FAAEC04005BD97D /* Products */ = {
			isa = PBXGroup;
			children = (
				EEF12FD51FAAEC04005BD97D /* cert-ba.app */,
			);
			name = Products;
			sourceTree = "<group>";
		};
		EEF12FD71FAAEC04005BD97D /* cert-ba */ = {
			isa = PBXGroup;
			children = (
				EEF12FD81FAAEC04005BD97D /* AppDelegate.h */,
				EEF12FD91FAAEC04005BD97D /* AppDelegate.m */,
				EEF12FDE1FAAEC04005BD97D /* ViewController.h */,
				EEF12FDF1FAAEC04005BD97D /* ViewController.m */,
				EEF12FE31FAAEC04005BD97D /* Main.storyboard */,
				EEF12FE61FAAEC04005BD97D /* Info.plist */,
				EEF12FDB1FAAEC04005BD97D /* Supporting Files */,
			);
			path = "cert-ba";
			sourceTree = "<group>";
		};
		EEF12FDB1FAAEC04005BD97D /* Supporting Files */ = {
			isa = PBXGroup;
			children = (
				EEF12FDC1FAAEC04005BD97D /* main.m */,
			);
			name = "Supporting Files";
			sourceTree = "<group>";
		};
		EEF12FEF1FAAEF5B005BD97D /* Frameworks */ = {
			isa = PBXGroup;
			children = (
				EEF12FF01FAAEF5B005BD97D /* WebKit.framework */,
			);
			name = Frameworks;
			sourceTree = "<group>";
		};
/* End PBXGroup section */

/* Begin PBXNativeTarget section */
		EEF12FD41FAAEC04005BD97D /* cert-ba */ = {
			isa = PBXNativeTarget;
			buildConfigurationList = EEF12FE91FAAEC04005BD97D /* Build configuration list for PBXNativeTarget "cert-ba" */;
			buildPhases = (
				EEF12FD11FAAEC04005BD97D /* Sources */,
				EEF12FD21FAAEC04005BD97D /* Frameworks */,
				EEF12FD31FAAEC04005BD97D /* Resources */,
			);
			buildRules = (
			);
			dependencies = (
			);
			name = "cert-ba";
			productName = "cert-ba";
			productReference = EEF12FD51FAAEC04005BD97D /* cert-ba.app */;
			productType = "com.apple.product-type.application";
		};
/* End PBXNativeTarget section */

/* Begin PBXProject section */
		EEF12FCD1FAAEC04005BD97D /* Project object */ = {
			isa = PBXProject;
			attributes = {
				LastUpgradeCheck = 0800;
				ORGANIZATIONNAME = jinren;
				TargetAttributes = {
					EEF12FD41FAAEC04005BD97D = {
						CreatedOnToolsVersion = 8.0;
						ProvisioningStyle = Automatic;
					};
				};
			};
			buildConfigurationList = EEF12FD01FAAEC04005BD97D /* Build configuration list for PBXProject "cert-ba" */;
			compatibilityVersion = "Xcode 3.2";
			developmentRegion = English;
			hasScannedForEncodings = 0;
			knownRegions = (
				en,
				Base,
			);
			mainGroup = EEF12FCC1FAAEC04005BD97D;
			productRefGroup = EEF12FD61FAAEC04005BD97D /* Products */;
			projectDirPath = "";
			projectRoot = "";
			targets = (
				EEF12FD41FAAEC04005BD97D /* cert-ba */,
			);
		};
/* End PBXProject section */

/* Begin PBXResourcesBuildPhase section */
		EEF12FD31FAAEC04005BD97D /* Resources */ = {
			isa = PBXResourcesBuildPhase;
			buildActionMask = 2147483647;
			files = (
				EEF12FE51FAAEC04005BD97D /* Main.storyboard in Resources */,
			);
			runOnlyForDeploymentPostprocessing = 0;
		};
/* End PBXResourcesBuildPhase section */

/* Begin PBXSourcesBuildPhase section */
		EEF12FD11FAAEC04005BD97D /* Sources */ = {
			isa = PBXSourcesBuildPhase;
			buildActionMask = 2147483647;
			files = (
				EEF12FE01FAAEC04005BD97D /* ViewController.m in Sources */,
				EEF12FDD1FAAEC04005BD97D /* main.m in Sources */,
				EEF12FDA1FAAEC04005BD97D /* AppDelegate.m in Sources */,
			);
			runOnlyForDeploymentPostprocessing = 0;
		};
/* End PBXSourcesBuildPhase section */

/* Begin PBXVariantGroup section */
		EEF12FE31FAAEC04005BD97D /* Main.storyboard */ = {
			isa = PBXVariantGroup;
			children = (
				EEF12FE41FAAEC04005BD97D /* Base */,
			);
			name = Main.storyboard;
			sourceTree = "<group>";
		};
/* End PBXVariantGroup section */

/* Begin XCBuildConfiguration section */
		EEF12FE71FAAEC04005BD97D /* Debug */ = {
			isa = XCBuildConfiguration;
			buildSettings = {
				ALWAYS_SEARCH_USER_PATHS = NO;
				CLANG_ANALYZER_NONNULL = YES;
				CLANG_CXX_LANGUAGE_STANDARD = "gnu++0x";
				CLANG_CXX_LIBRARY = "libc++";
				CLANG_ENABLE_MODULES = YES;
				CLANG_ENABLE_OBJC_ARC = YES;
				CLANG_WARN_BOOL_CONVERSION = YES;
				CLANG_WARN_CONSTANT_CONVERSION = YES;
				CLANG_WARN_DIRECT_OBJC_ISA_USAGE = YES_ERROR;
				CLANG_WARN_DOCUMENTATION_COMMENTS = YES;
				CLANG_WARN_EMPTY_BODY = YES;
				CLANG_WARN_ENUM_CONVERSION = YES;
				CLANG_WARN_INFINITE_RECURSION = YES;
				CLANG_WARN_INT_CONVERSION = YES;
				CLANG_WARN_OBJC_ROOT_CLASS = YES_ERROR;
				CLANG_WARN_SUSPICIOUS_MOVES = YES;
				CLANG_WARN_UNREACHABLE_CODE = YES;
				CLANG_WARN__DUPLICATE_METHOD_MATCH = YES;
				CODE_SIGN_IDENTITY = "-";
				COPY_PHASE_STRIP = NO;
				DEBUG_INFORMATION_FORMAT = dwarf;
				ENABLE_STRICT_OBJC_MSGSEND = YES;
				ENABLE_TESTABILITY = YES;
				GCC_C_LANGUAGE_STANDARD = gnu99;
				GCC_DYNAMIC_NO_PIC = NO;
				GCC_NO_COMMON_BLOCKS = YES;
				GCC_OPTIMIZATION_LEVEL = 0;
				GCC_PREPROCESSOR_DEFINITIONS = (
					"DEBUG=1",
					"$(inherited)",
				);
				GCC_WARN_64_TO_32_BIT_CONVERSION = YES;
				GCC_WARN_ABOUT_RETURN_TYPE = YES_ERROR;
				GCC_WARN_UNDECLARED_SELECTOR = YES;
				GCC_WARN_UNINITIALIZED_AUTOS = YES_AGGRESSIVE;
				GCC_WARN_UNUSED_FUNCTION = YES;
				GCC_WARN_UNUSED_VARIABLE = YES;
				MACOSX_DEPLOYMENT_TARGET = 10.12;
				MTL_ENABLE_DEBUG_INFO = YES;
				ONLY_ACTIVE_ARCH = YES;
				SDKROOT = macosx;
			};
			name = Debug;
		};
		EEF12FE81FAAEC04005BD97D /* Release */ = {
			isa = XCBuildConfiguration;
			buildSettings = {
				ALWAYS_SEARCH_USER_PATHS = NO;
				CLANG_ANALYZER_NONNULL = YES;
				CLANG_CXX_LANGUAGE_STANDARD = "gnu++0x";
				CLANG_CXX_LIBRARY = "libc++";
				CLANG_ENABLE_MODULES = YES;
				CLANG_ENABLE_OBJC_ARC = YES;
				CLANG_WARN_BOOL_CONVERSION = YES;
				CLANG_WARN_CONSTANT_CONVERSION = YES;
				CLANG_WARN_DIRECT_OBJC_ISA_USAGE = YES_ERROR;
				CLANG_WARN_DOCUMENTATION_COMMENTS = YES;
				CLANG_WARN_EMPTY_BODY = YES;
				CLANG_WARN_ENUM_CONVERSION = YES;
				CLANG_WARN_INFINITE_RECURSION = YES;
				CLANG_WARN_INT_CONVERSION = YES;
				CLANG_WARN_OBJC_ROOT_CLASS = YES_ERROR;
				CLANG_WARN_SUSPICIOUS_MOVES = YES;
				CLANG_WARN_UNREACHABLE_CODE = YES;
				CLANG_WARN__DUPLICATE_METHOD_MATCH = YES;
				CODE_SIGN_IDENTITY = "-";
				COPY_PHASE_STRIP = NO;
				DEBUG_INFORMATION_FORMAT = "dwarf-with-dsym";
				ENABLE_NS_ASSERTIONS = NO;
				ENABLE_STRICT_OBJC_MSGSEND = YES;
				GCC_C_LANGUAGE_STANDARD = gnu99;
				GCC_NO_COMMON_BLOCKS = YES;
				GCC_WARN_64_TO_32_BIT_CONVERSION = YES;
				GCC_WARN_ABOUT_RETURN_TYPE = YES_ERROR;
				GCC_WARN_UNDECLARED_SELECTOR = YES;
				GCC_WARN_UNINITIALIZED_AUTOS = YES_AGGRESSIVE;
				GCC_WARN_UNUSED_FUNCTION = YES;
				GCC_WARN_UNUSED_VARIABLE = YES;
				MACOSX_DEPLOYMENT_TARGET = 10.12;
				MTL_ENABLE_DEBUG_INFO = NO;
				SDKROOT = macosx;
			};
			name = Release;
		};
		EEF12FEA1FAAEC04005BD97D /* Debug */ = {
			isa = XCBuildConfiguration;
			buildSettings = {
				ASSETCATALOG_COMPILER_APPICON_NAME = AppIcon;
				COMBINE_HIDPI_IMAGES = YES;
				INFOPLIST_FILE = "cert-ba/Info.plist";
				LD_RUNPATH_SEARCH_PATHS = "$(inherited) @executable_path/../Frameworks";
				MACOSX_DEPLOYMENT_TARGET = 10.12;
				PRODUCT_BUNDLE_IDENTIFIER = "com.cisco.cert-ba";
				PRODUCT_NAME = "$(TARGET_NAME)";
			};
			name = Debug;
		};
		EEF12FEB1FAAEC04005BD97D /* Release */ = {
			isa = XCBuildConfiguration;
			buildSettings = {
				ASSETCATALOG_COMPILER_APPICON_NAME = AppIcon;
				COMBINE_HIDPI_IMAGES = YES;
				INFOPLIST_FILE = "cert-ba/Info.plist";
				LD_RUNPATH_SEARCH_PATHS = "$(inherited) @executable_path/../Frameworks";
				MACOSX_DEPLOYMENT_TARGET = 10.12;
				PRODUCT_BUNDLE_IDENTIFIER = "com.cisco.cert-ba";
				PRODUCT_NAME = "$(TARGET_NAME)";
			};
			name = Release;
		};
/* End XCBuildConfiguration section */

/* Begin XCConfigurationList section */
		EEF12FD01FAAEC04005BD97D /* Build configuration list for PBXProject "cert-ba" */ = {
			isa = XCConfigurationList;
			buildConfigurations = (
				EEF12FE71FAAEC04005BD97D /* Debug */,
				EEF12FE81FAAEC04005BD97D /* Release */,
			);
			defaultConfigurationIsVisible = 0;
			defaultConfigurationName = Release;
		};
		EEF12FE91FAAEC04005BD97D /* Build configuration list for PBXNativeTarget "cert-ba" */ = {
			isa = XCConfigurationList;
			buildConfigurations = (
				EEF12FEA1FAAEC04005BD97D /* Debug */,
				EEF12FEB1FAAEC04005BD97D /* Release */,
			);
			defaultConfigurationIsVisible = 0;
			defaultConfigurationName = Release;
		};
/* End XCConfigurationList section */
	};
	rootObject = EEF12FCD1FAAEC04005BD97D /* Project object */;
}
